
Microsoft Visual Studio Solution File, Format Version 12.00
# Visual Studio Version 17
VisualStudioVersion = 17.5.33502.453
MinimumVisualStudioVersion = 10.0.40219.1
Project("{9A19103F-16F7-4668-BE54-9A1E7A4F7556}") = "SkyNotes.Common.DataContext.Sqlite", "SkyNotes.Common.DataContext.Sqlite\SkyNotes.Common.DataContext.Sqlite.csproj", "{A2472374-0B04-434F-9584-60FE4351D48A}"
EndProject
Project("{FAE04EC0-301F-11D3-BF4B-00C04F79EFBC}") = "SkyNotes.Common.EntityModels.Sqlite", "SkyNotes.Common.EntityModels.Sqlite\SkyNotes.Common.EntityModels.Sqlite.csproj", "{88173845-C0A2-48C5-B8F9-ACB472FFCF04}"
EndProject
Global
	GlobalSection(SolutionConfigurationPlatforms) = preSolution
		Debug|Any CPU = Debug|Any CPU
		Release|Any CPU = Release|Any CPU
	EndGlobalSection
	GlobalSection(ProjectConfigurationPlatforms) = postSolution
		{A2472374-0B04-434F-9584-60FE4351D48A}.Debug|Any CPU.ActiveCfg = Debug|Any CPU
		{A2472374-0B04-434F-9584-60FE4351D48A}.Debug|Any CPU.Build.0 = Debug|Any CPU
		{A2472374-0B04-434F-9584-60FE4351D48A}.Release|Any CPU.ActiveCfg = Release|Any CPU
		{A2472374-0B04-434F-9584-60FE4351D48A}.Release|Any CPU.Build.0 = Release|Any CPU
		{88173845-C0A2-48C5-B8F9-ACB472FFCF04}.Debug|Any CPU.ActiveCfg = Debug|Any CPU
		{88173845-C0A2-48C5-B8F9-ACB472FFCF04}.Debug|Any CPU.Build.0 = Debug|Any CPU
		{88173845-C0A2-48C5-B8F9-ACB472FFCF04}.Release|Any CPU.ActiveCfg = Release|Any CPU
		{88173845-C0A2-48C5-B8F9-ACB472FFCF04}.Release|Any CPU.Build.0 = Release|Any CPU
	EndGlobalSection
	GlobalSection(SolutionProperties) = preSolution
		HideSolutionNode = FALSE
	EndGlobalSection
	GlobalSection(ExtensibilityGlobals) = postSolution
		SolutionGuid = {3D797ED4-2E07-4502-A9B9-91C8E04D9E03}
	EndGlobalSection
EndGlobal
