
Microsoft Visual Studio Solution File, Format Version 12.00
# Visual Studio Version 17
VisualStudioVersion = 17.5.33502.453
MinimumVisualStudioVersion = 10.0.40219.1
Project("{9A19103F-16F7-4668-BE54-9A1E7A4F7556}") = "SkyNotes.Common.DataContext.Sqlite", "SkyNotes.Common.DataContext.Sqlite\SkyNotes.Common.DataContext.Sqlite.csproj", "{A2472374-0B04-434F-9584-60FE4351D48A}"
EndProject
Project("{9A19103F-16F7-4668-BE54-9A1E7A4F7556}") = "SkyNotes.Common.EntityModels.Sqlite", "SkyNotes.Common.EntityModels.Sqlite\SkyNotes.Common.EntityModels.Sqlite.csproj", "{88173845-C0A2-48C5-B8F9-ACB472FFCF04}"
EndProject
Project("{FAE04EC0-301F-11D3-BF4B-00C04F79EFBC}") = "SkyNotes.BlazorServer", "SkyNotes.BlazorServer\SkyNotes.BlazorServer.csproj", "{196681D8-9011-4A5B-9327-565640D23F90}"
EndProject
Project("{FAE04EC0-301F-11D3-BF4B-00C04F79EFBC}") = "SkyNotes.Common.EntityModels.SqlServer", "SkyNotes.Common.EntityModels.SqlServer\SkyNotes.Common.EntityModels.SqlServer.csproj", "{89980462-13BC-4918-A8F9-2A6CB7B2BB29}"
EndProject
Project("{FAE04EC0-301F-11D3-BF4B-00C04F79EFBC}") = "SkyNotes.Common.DataContext.SqlServer", "SkyNotes.Common.DataContext.SqlServer\SkyNotes.Common.DataContext.SqlServer.csproj", "{4CE1EAD9-C3BD-4185-BCCA-972BB5C2708D}"
EndProject
Global
	GlobalSection(SolutionConfigurationPlatforms) = preSolution
		Debug|Any CPU = Debug|Any CPU
		Release|Any CPU = Release|Any CPU
	EndGlobalSection
	GlobalSection(ProjectConfigurationPlatforms) = postSolution
		{A2472374-0B04-434F-9584-60FE4351D48A}.Debug|Any CPU.ActiveCfg = Debug|Any CPU
		{A2472374-0B04-434F-9584-60FE4351D48A}.Debug|Any CPU.Build.0 = Debug|Any CPU
		{A2472374-0B04-434F-9584-60FE4351D48A}.Release|Any CPU.ActiveCfg = Release|Any CPU
		{A2472374-0B04-434F-9584-60FE4351D48A}.Release|Any CPU.Build.0 = Release|Any CPU
		{88173845-C0A2-48C5-B8F9-ACB472FFCF04}.Debug|Any CPU.ActiveCfg = Debug|Any CPU
		{88173845-C0A2-48C5-B8F9-ACB472FFCF04}.Debug|Any CPU.Build.0 = Debug|Any CPU
		{88173845-C0A2-48C5-B8F9-ACB472FFCF04}.Release|Any CPU.ActiveCfg = Release|Any CPU
		{88173845-C0A2-48C5-B8F9-ACB472FFCF04}.Release|Any CPU.Build.0 = Release|Any CPU
		{196681D8-9011-4A5B-9327-565640D23F90}.Debug|Any CPU.ActiveCfg = Debug|Any CPU
		{196681D8-9011-4A5B-9327-565640D23F90}.Debug|Any CPU.Build.0 = Debug|Any CPU
		{196681D8-9011-4A5B-9327-565640D23F90}.Release|Any CPU.ActiveCfg = Release|Any CPU
		{196681D8-9011-4A5B-9327-565640D23F90}.Release|Any CPU.Build.0 = Release|Any CPU
		{89980462-13BC-4918-A8F9-2A6CB7B2BB29}.Debug|Any CPU.ActiveCfg = Debug|Any CPU
		{89980462-13BC-4918-A8F9-2A6CB7B2BB29}.Debug|Any CPU.Build.0 = Debug|Any CPU
		{89980462-13BC-4918-A8F9-2A6CB7B2BB29}.Release|Any CPU.ActiveCfg = Release|Any CPU
		{89980462-13BC-4918-A8F9-2A6CB7B2BB29}.Release|Any CPU.Build.0 = Release|Any CPU
		{4CE1EAD9-C3BD-4185-BCCA-972BB5C2708D}.Debug|Any CPU.ActiveCfg = Debug|Any CPU
		{4CE1EAD9-C3BD-4185-BCCA-972BB5C2708D}.Debug|Any CPU.Build.0 = Debug|Any CPU
		{4CE1EAD9-C3BD-4185-BCCA-972BB5C2708D}.Release|Any CPU.ActiveCfg = Release|Any CPU
		{4CE1EAD9-C3BD-4185-BCCA-972BB5C2708D}.Release|Any CPU.Build.0 = Release|Any CPU
	EndGlobalSection
	GlobalSection(SolutionProperties) = preSolution
		HideSolutionNode = FALSE
	EndGlobalSection
	GlobalSection(ExtensibilityGlobals) = postSolution
		SolutionGuid = {3D797ED4-2E07-4502-A9B9-91C8E04D9E03}
	EndGlobalSection
EndGlobal
